
Microsoft Visual Studio Solution File, Format Version 12.00
# Visual Studio Version 17
VisualStudioVersion = 17.8.34316.72
MinimumVisualStudioVersion = 10.0.40219.1
Project("{FAE04EC0-301F-11D3-BF4B-00C04F79EFBC}") = "AsyncOperationsCoreConsole", "AsyncOperationsCoreConsole.csproj", "{527B106D-D620-4CDA-A8FD-0BAB37CABCA7}"
EndProject
Global
	GlobalSection(SolutionConfigurationPlatforms) = preSolution
		Debug|Any CPU = Debug|Any CPU
		Release|Any CPU = Release|Any CPU
	EndGlobalSection
	GlobalSection(ProjectConfigurationPlatforms) = postSolution
		{527B106D-D620-4CDA-A8FD-0BAB37CABCA7}.Debug|Any CPU.ActiveCfg = Debug|Any CPU
		{527B106D-D620-4CDA-A8FD-0BAB37CABCA7}.Debug|Any CPU.Build.0 = Debug|Any CPU
		{527B106D-D620-4CDA-A8FD-0BAB37CABCA7}.Release|Any CPU.ActiveCfg = Release|Any CPU
		{527B106D-D620-4CDA-A8FD-0BAB37CABCA7}.Release|Any CPU.Build.0 = Release|Any CPU
	EndGlobalSection
	GlobalSection(SolutionProperties) = preSolution
		HideSolutionNode = FALSE
	EndGlobalSection
	GlobalSection(ExtensibilityGlobals) = postSolution
		SolutionGuid = {871292A1-31CC-4750-ACDF-4DF4CA07E922}
	EndGlobalSection
EndGlobal
